
Microsoft Visual Studio Solution File, Format Version 12.00
# Visual Studio Version 17
VisualStudioVersion = 17.14.36616.10
MinimumVisualStudioVersion = 10.0.40219.1
Project("{FAE04EC0-301F-11D3-BF4B-00C04F79EFBC}") = "PDF_TO_JPG_converter", "PDF_TO_JPG_converter.csproj", "{D7D8F96D-028B-E625-A89C-70A62A09F921}"
EndProject
Project("{54435603-DBB4-11D2-8724-00A0C9A8B90C}") = "PDF TO JPG 변환기", "PDF_TO_JPG_converter_setup\PDF_TO_JPG_converter_setup.vdproj", "{C4054D45-4046-4378-7215-A9CB7C94238E}"
EndProject
Global
	GlobalSection(SolutionConfigurationPlatforms) = preSolution
		Debug|Any CPU = Debug|Any CPU
		Release|Any CPU = Release|Any CPU
	EndGlobalSection
	GlobalSection(ProjectConfigurationPlatforms) = postSolution
		{D7D8F96D-028B-E625-A89C-70A62A09F921}.Debug|Any CPU.ActiveCfg = Debug|Any CPU
		{D7D8F96D-028B-E625-A89C-70A62A09F921}.Debug|Any CPU.Build.0 = Debug|Any CPU
		{D7D8F96D-028B-E625-A89C-70A62A09F921}.Release|Any CPU.ActiveCfg = Release|Any CPU
		{D7D8F96D-028B-E625-A89C-70A62A09F921}.Release|Any CPU.Build.0 = Release|Any CPU
		{C4054D45-4046-4378-7215-A9CB7C94238E}.Debug|Any CPU.ActiveCfg = Debug
		{C4054D45-4046-4378-7215-A9CB7C94238E}.Release|Any CPU.ActiveCfg = Release
	EndGlobalSection
	GlobalSection(SolutionProperties) = preSolution
		HideSolutionNode = FALSE
	EndGlobalSection
	GlobalSection(ExtensibilityGlobals) = postSolution
		SolutionGuid = {E541B652-74C6-4C22-8F10-736916BC37AF}
	EndGlobalSection
EndGlobal
